
Microsoft Visual Studio Solution File, Format Version 12.00
# Visual Studio Version 16
VisualStudioVersion = 16.0.29920.165
MinimumVisualStudioVersion = 10.0.40219.1
Project("{9A19103F-16F7-4668-BE54-9A1E7A4F7556}") = "ResultsTracker_v1", "ResultsTracker_v1\ResultsTracker_v1.csproj", "{727CD550-E936-4E11-A3E5-C9E7085F93C8}"
EndProject
Project("{9A19103F-16F7-4668-BE54-9A1E7A4F7556}") = "ResultsTracker.DataAccess", "ResultsTracker.DataAccess\ResultsTracker.DataAccess.csproj", "{A8F36CD5-72D1-421A-93E2-F55675D793F4}"
EndProject
Project("{9A19103F-16F7-4668-BE54-9A1E7A4F7556}") = "ResultsTracker.Models", "ResultsTracker.Models\ResultsTracker.Models.csproj", "{745F8EF2-A6CC-4C14-93C6-C69DEEE0B503}"
EndProject
Project("{9A19103F-16F7-4668-BE54-9A1E7A4F7556}") = "ResultsTracker.Utility", "ResultsTracker.Utilities\ResultsTracker.Utility.csproj", "{9F14DD05-44BC-43FF-8527-92FB9F810F9F}"
EndProject
Global
	GlobalSection(SolutionConfigurationPlatforms) = preSolution
		Debug|Any CPU = Debug|Any CPU
		Release|Any CPU = Release|Any CPU
	EndGlobalSection
	GlobalSection(ProjectConfigurationPlatforms) = postSolution
		{727CD550-E936-4E11-A3E5-C9E7085F93C8}.Debug|Any CPU.ActiveCfg = Debug|Any CPU
		{727CD550-E936-4E11-A3E5-C9E7085F93C8}.Debug|Any CPU.Build.0 = Debug|Any CPU
		{727CD550-E936-4E11-A3E5-C9E7085F93C8}.Release|Any CPU.ActiveCfg = Release|Any CPU
		{727CD550-E936-4E11-A3E5-C9E7085F93C8}.Release|Any CPU.Build.0 = Release|Any CPU
		{A8F36CD5-72D1-421A-93E2-F55675D793F4}.Debug|Any CPU.ActiveCfg = Debug|Any CPU
		{A8F36CD5-72D1-421A-93E2-F55675D793F4}.Debug|Any CPU.Build.0 = Debug|Any CPU
		{A8F36CD5-72D1-421A-93E2-F55675D793F4}.Release|Any CPU.ActiveCfg = Release|Any CPU
		{A8F36CD5-72D1-421A-93E2-F55675D793F4}.Release|Any CPU.Build.0 = Release|Any CPU
		{745F8EF2-A6CC-4C14-93C6-C69DEEE0B503}.Debug|Any CPU.ActiveCfg = Debug|Any CPU
		{745F8EF2-A6CC-4C14-93C6-C69DEEE0B503}.Debug|Any CPU.Build.0 = Debug|Any CPU
		{745F8EF2-A6CC-4C14-93C6-C69DEEE0B503}.Release|Any CPU.ActiveCfg = Release|Any CPU
		{745F8EF2-A6CC-4C14-93C6-C69DEEE0B503}.Release|Any CPU.Build.0 = Release|Any CPU
		{9F14DD05-44BC-43FF-8527-92FB9F810F9F}.Debug|Any CPU.ActiveCfg = Debug|Any CPU
		{9F14DD05-44BC-43FF-8527-92FB9F810F9F}.Debug|Any CPU.Build.0 = Debug|Any CPU
		{9F14DD05-44BC-43FF-8527-92FB9F810F9F}.Release|Any CPU.ActiveCfg = Release|Any CPU
		{9F14DD05-44BC-43FF-8527-92FB9F810F9F}.Release|Any CPU.Build.0 = Release|Any CPU
	EndGlobalSection
	GlobalSection(SolutionProperties) = preSolution
		HideSolutionNode = FALSE
	EndGlobalSection
	GlobalSection(ExtensibilityGlobals) = postSolution
		SolutionGuid = {F7FDC251-D0FA-49FB-8D44-37C139D25EA1}
	EndGlobalSection
EndGlobal
